
Microsoft Visual Studio Solution File, Format Version 12.00
# Visual Studio Version 17
VisualStudioVersion = 17.6.33815.320
MinimumVisualStudioVersion = 10.0.40219.1
Project("{FAE04EC0-301F-11D3-BF4B-00C04F79EFBC}") = "StarryFlix", "StarryFlix.csproj", "{79744D99-0235-49ED-ADF7-819FB15DBC24}"
EndProject
Global
	GlobalSection(SolutionConfigurationPlatforms) = preSolution
		Debug|Any CPU = Debug|Any CPU
		Release|Any CPU = Release|Any CPU
	EndGlobalSection
	GlobalSection(ProjectConfigurationPlatforms) = postSolution
		{79744D99-0235-49ED-ADF7-819FB15DBC24}.Debug|Any CPU.ActiveCfg = Debug|Any CPU
		{79744D99-0235-49ED-ADF7-819FB15DBC24}.Debug|Any CPU.Build.0 = Debug|Any CPU
		{79744D99-0235-49ED-ADF7-819FB15DBC24}.Release|Any CPU.ActiveCfg = Release|Any CPU
		{79744D99-0235-49ED-ADF7-819FB15DBC24}.Release|Any CPU.Build.0 = Release|Any CPU
	EndGlobalSection
	GlobalSection(SolutionProperties) = preSolution
		HideSolutionNode = FALSE
	EndGlobalSection
	GlobalSection(ExtensibilityGlobals) = postSolution
		SolutionGuid = {5B8B5C6B-2A5D-460E-AFF9-705617BCE617}
	EndGlobalSection
EndGlobal
